
Microsoft Visual Studio Solution File, Format Version 12.00
# Visual Studio Version 17
VisualStudioVersion = 17.7.34031.279
MinimumVisualStudioVersion = 10.0.40219.1
Project("{9A19103F-16F7-4668-BE54-9A1E7A4F7556}") = "MatrixMultiply", "MatrixMultiply.csproj", "{A6587B11-ED49-4F91-95B9-61F131F87DE1}"
EndProject
Project("{FAE04EC0-301F-11D3-BF4B-00C04F79EFBC}") = "ConsoleMessages", "..\ConsoleMessages\ConsoleMessages.csproj", "{E131D913-7E4B-44A1-BBB9-D793AE66E450}"
EndProject
Global
	GlobalSection(SolutionConfigurationPlatforms) = preSolution
		Debug|Any CPU = Debug|Any CPU
		Release|Any CPU = Release|Any CPU
	EndGlobalSection
	GlobalSection(ProjectConfigurationPlatforms) = postSolution
		{A6587B11-ED49-4F91-95B9-61F131F87DE1}.Debug|Any CPU.ActiveCfg = Debug|Any CPU
		{A6587B11-ED49-4F91-95B9-61F131F87DE1}.Debug|Any CPU.Build.0 = Debug|Any CPU
		{A6587B11-ED49-4F91-95B9-61F131F87DE1}.Release|Any CPU.ActiveCfg = Release|Any CPU
		{A6587B11-ED49-4F91-95B9-61F131F87DE1}.Release|Any CPU.Build.0 = Release|Any CPU
		{E131D913-7E4B-44A1-BBB9-D793AE66E450}.Debug|Any CPU.ActiveCfg = Debug|Any CPU
		{E131D913-7E4B-44A1-BBB9-D793AE66E450}.Debug|Any CPU.Build.0 = Debug|Any CPU
		{E131D913-7E4B-44A1-BBB9-D793AE66E450}.Release|Any CPU.ActiveCfg = Release|Any CPU
		{E131D913-7E4B-44A1-BBB9-D793AE66E450}.Release|Any CPU.Build.0 = Release|Any CPU
	EndGlobalSection
	GlobalSection(SolutionProperties) = preSolution
		HideSolutionNode = FALSE
	EndGlobalSection
	GlobalSection(ExtensibilityGlobals) = postSolution
		SolutionGuid = {44D8B4E9-8E16-4611-94DC-FF2E90D5D824}
	EndGlobalSection
EndGlobal
